// !$*UTF8*$!
{
	archiveVersion = 1;
	classes = {
	};
	objectVersion = 46;
	objects = {

/* Begin PBXBuildFile section */
		546857AF1932FC4600D323E8 /* Cocoa.framework in Frameworks */ = {isa = PBXBuildFile; fileRef = 546857AE1932FC4600D323E8 /* Cocoa.framework */; };
		546857B11932FC4600D323E8 /* ScreenSaver.framework in Frameworks */ = {isa = PBXBuildFile; fileRef = 546857B01932FC4600D323E8 /* ScreenSaver.framework */; };
		546857BB1932FC4600D323E8 /* InfoPlist.strings in Resources */ = {isa = PBXBuildFile; fileRef = 546857B91932FC4600D323E8 /* InfoPlist.strings */; };
		546857BF1932FC4600D323E8 /* GifocalypseView.m in Sources */ = {isa = PBXBuildFile; fileRef = 546857BE1932FC4600D323E8 /* GifocalypseView.m */; };
		546857C71932FEE000D323E8 /* thumbnail.png in Resources */ = {isa = PBXBuildFile; fileRef = 546857C51932FEE000D323E8 /* thumbnail.png */; };
		546857C81932FEE000D323E8 /* thumbnail@2x.png in Resources */ = {isa = PBXBuildFile; fileRef = 546857C61932FEE000D323E8 /* thumbnail@2x.png */; };
/* End PBXBuildFile section */

/* Begin PBXFileReference section */
		546857AB1932FC4600D323E8 /* Gifocalypse.saver */ = {isa = PBXFileReference; explicitFileType = wrapper.cfbundle; includeInIndex = 0; path = Gifocalypse.saver; sourceTree = BUILT_PRODUCTS_DIR; };
		546857AE1932FC4600D323E8 /* Cocoa.framework */ = {isa = PBXFileReference; lastKnownFileType = wrapper.framework; name = Cocoa.framework; path = System/Library/Frameworks/Cocoa.framework; sourceTree = SDKROOT; };
		546857B01932FC4600D323E8 /* ScreenSaver.framework */ = {isa = PBXFileReference; lastKnownFileType = wrapper.framework; name = ScreenSaver.framework; path = System/Library/Frameworks/ScreenSaver.framework; sourceTree = SDKROOT; };
		546857B31932FC4600D323E8 /* AppKit.framework */ = {isa = PBXFileReference; lastKnownFileType = wrapper.framework; name = AppKit.framework; path = System/Library/Frameworks/AppKit.framework; sourceTree = SDKROOT; };
		546857B41932FC4600D323E8 /* CoreData.framework */ = {isa = PBXFileReference; lastKnownFileType = wrapper.framework; name = CoreData.framework; path = System/Library/Frameworks/CoreData.framework; sourceTree = SDKROOT; };
		546857B51932FC4600D323E8 /* Foundation.framework */ = {isa = PBXFileReference; lastKnownFileType = wrapper.framework; name = Foundation.framework; path = System/Library/Frameworks/Foundation.framework; sourceTree = SDKROOT; };
		546857B81932FC4600D323E8 /* Gifocalypse-Info.plist */ = {isa = PBXFileReference; lastKnownFileType = text.plist.xml; path = "Gifocalypse-Info.plist"; sourceTree = "<group>"; };
		546857BA1932FC4600D323E8 /* en */ = {isa = PBXFileReference; lastKnownFileType = text.plist.strings; name = en; path = en.lproj/InfoPlist.strings; sourceTree = "<group>"; };
		546857BC1932FC4600D323E8 /* Gifocalypse-Prefix.pch */ = {isa = PBXFileReference; lastKnownFileType = sourcecode.c.h; path = "Gifocalypse-Prefix.pch"; sourceTree = "<group>"; };
		546857BD1932FC4600D323E8 /* GifocalypseView.h */ = {isa = PBXFileReference; lastKnownFileType = sourcecode.c.h; path = GifocalypseView.h; sourceTree = "<group>"; };
		546857BE1932FC4600D323E8 /* GifocalypseView.m */ = {isa = PBXFileReference; lastKnownFileType = sourcecode.c.objc; path = GifocalypseView.m; sourceTree = "<group>"; };
		546857C51932FEE000D323E8 /* thumbnail.png */ = {isa = PBXFileReference; lastKnownFileType = image.png; name = thumbnail.png; path = ../../Desktop/thumbnail.png; sourceTree = "<group>"; };
		546857C61932FEE000D323E8 /* thumbnail@2x.png */ = {isa = PBXFileReference; lastKnownFileType = image.png; name = "thumbnail@2x.png"; path = "../../Desktop/thumbnail@2x.png"; sourceTree = "<group>"; };
/* End PBXFileReference section */

/* Begin PBXFrameworksBuildPhase section */
		546857A61932FC4600D323E8 /* Frameworks */ = {
			isa = PBXFrameworksBuildPhase;
			buildActionMask = 2147483647;
			files = (
				546857B11932FC4600D323E8 /* ScreenSaver.framework in Frameworks */,
				546857AF1932FC4600D323E8 /* Cocoa.framework in Frameworks */,
			);
			runOnlyForDeploymentPostprocessing = 0;
		};
/* End PBXFrameworksBuildPhase section */

/* Begin PBXGroup section */
		546857A01932FC4600D323E8 = {
			isa = PBXGroup;
			children = (
				546857C51932FEE000D323E8 /* thumbnail.png */,
				546857C61932FEE000D323E8 /* thumbnail@2x.png */,
				546857B61932FC4600D323E8 /* Gifocalypse */,
				546857AD1932FC4600D323E8 /* Frameworks */,
				546857AC1932FC4600D323E8 /* Products */,
			);
			sourceTree = "<group>";
		};
		546857AC1932FC4600D323E8 /* Products */ = {
			isa = PBXGroup;
			children = (
				546857AB1932FC4600D323E8 /* Gifocalypse.saver */,
			);
			name = Products;
			sourceTree = "<group>";
		};
		546857AD1932FC4600D323E8 /* Frameworks */ = {
			isa = PBXGroup;
			children = (
				546857AE1932FC4600D323E8 /* Cocoa.framework */,
				546857B01932FC4600D323E8 /* ScreenSaver.framework */,
				546857B21932FC4600D323E8 /* Other Frameworks */,
			);
			name = Frameworks;
			sourceTree = "<group>";
		};
		546857B21932FC4600D323E8 /* Other Frameworks */ = {
			isa = PBXGroup;
			children = (
				546857B31932FC4600D323E8 /* AppKit.framework */,
				546857B41932FC4600D323E8 /* CoreData.framework */,
				546857B51932FC4600D323E8 /* Foundation.framework */,
			);
			name = "Other Frameworks";
			sourceTree = "<group>";
		};
		546857B61932FC4600D323E8 /* Gifocalypse */ = {
			isa = PBXGroup;
			children = (
				546857BD1932FC4600D323E8 /* GifocalypseView.h */,
				546857BE1932FC4600D323E8 /* GifocalypseView.m */,
				546857B71932FC4600D323E8 /* Supporting Files */,
			);
			path = Gifocalypse;
			sourceTree = "<group>";
		};
		546857B71932FC4600D323E8 /* Supporting Files */ = {
			isa = PBXGroup;
			children = (
				546857B81932FC4600D323E8 /* Gifocalypse-Info.plist */,
				546857B91932FC4600D323E8 /* InfoPlist.strings */,
				546857BC1932FC4600D323E8 /* Gifocalypse-Prefix.pch */,
			);
			name = "Supporting Files";
			sourceTree = "<group>";
		};
/* End PBXGroup section */

/* Begin PBXHeadersBuildPhase section */
		546857A71932FC4600D323E8 /* Headers */ = {
			isa = PBXHeadersBuildPhase;
			buildActionMask = 2147483647;
			files = (
			);
			runOnlyForDeploymentPostprocessing = 0;
		};
/* End PBXHeadersBuildPhase section */

/* Begin PBXNativeTarget section */
		546857AA1932FC4600D323E8 /* Gifocalypse */ = {
			isa = PBXNativeTarget;
			buildConfigurationList = 546857C21932FC4600D323E8 /* Build configuration list for PBXNativeTarget "Gifocalypse" */;
			buildPhases = (
				546857A51932FC4600D323E8 /* Sources */,
				546857A61932FC4600D323E8 /* Frameworks */,
				546857A71932FC4600D323E8 /* Headers */,
				546857A81932FC4600D323E8 /* Resources */,
				546857A91932FC4600D323E8 /* Rez */,
			);
			buildRules = (
			);
			dependencies = (
			);
			name = Gifocalypse;
			productName = Gifocalypse;
			productReference = 546857AB1932FC4600D323E8 /* Gifocalypse.saver */;
			productType = "com.apple.product-type.bundle";
		};
/* End PBXNativeTarget section */

/* Begin PBXProject section */
		546857A11932FC4600D323E8 /* Project object */ = {
			isa = PBXProject;
			attributes = {
				LastUpgradeCheck = 0500;
				ORGANIZATIONNAME = "George Crabtree";
			};
			buildConfigurationList = 546857A41932FC4600D323E8 /* Build configuration list for PBXProject "Gifocalypse" */;
			compatibilityVersion = "Xcode 3.2";
			developmentRegion = English;
			hasScannedForEncodings = 0;
			knownRegions = (
				en,
			);
			mainGroup = 546857A01932FC4600D323E8;
			productRefGroup = 546857AC1932FC4600D323E8 /* Products */;
			projectDirPath = "";
			projectRoot = "";
			targets = (
				546857AA1932FC4600D323E8 /* Gifocalypse */,
			);
		};
/* End PBXProject section */

/* Begin PBXResourcesBuildPhase section */
		546857A81932FC4600D323E8 /* Resources */ = {
			isa = PBXResourcesBuildPhase;
			buildActionMask = 2147483647;
			files = (
				546857C71932FEE000D323E8 /* thumbnail.png in Resources */,
				546857BB1932FC4600D323E8 /* InfoPlist.strings in Resources */,
				546857C81932FEE000D323E8 /* thumbnail@2x.png in Resources */,
			);
			runOnlyForDeploymentPostprocessing = 0;
		};
/* End PBXResourcesBuildPhase section */

/* Begin PBXRezBuildPhase section */
		546857A91932FC4600D323E8 /* Rez */ = {
			isa = PBXRezBuildPhase;
			buildActionMask = 2147483647;
			files = (
			);
			runOnlyForDeploymentPostprocessing = 0;
		};
/* End PBXRezBuildPhase section */

/* Begin PBXSourcesBuildPhase section */
		546857A51932FC4600D323E8 /* Sources */ = {
			isa = PBXSourcesBuildPhase;
			buildActionMask = 2147483647;
			files = (
				546857BF1932FC4600D323E8 /* GifocalypseView.m in Sources */,
			);
			runOnlyForDeploymentPostprocessing = 0;
		};
/* End PBXSourcesBuildPhase section */

/* Begin PBXVariantGroup section */
		546857B91932FC4600D323E8 /* InfoPlist.strings */ = {
			isa = PBXVariantGroup;
			children = (
				546857BA1932FC4600D323E8 /* en */,
			);
			name = InfoPlist.strings;
			sourceTree = "<group>";
		};
/* End PBXVariantGroup section */

/* Begin XCBuildConfiguration section */
		546857C01932FC4600D323E8 /* Debug */ = {
			isa = XCBuildConfiguration;
			buildSettings = {
				ALWAYS_SEARCH_USER_PATHS = NO;
				CLANG_CXX_LANGUAGE_STANDARD = "gnu++0x";
				CLANG_CXX_LIBRARY = "libc++";
				CLANG_ENABLE_OBJC_ARC = YES;
				CLANG_WARN_BOOL_CONVERSION = YES;
				CLANG_WARN_CONSTANT_CONVERSION = YES;
				CLANG_WARN_DIRECT_OBJC_ISA_USAGE = YES_ERROR;
				CLANG_WARN_EMPTY_BODY = YES;
				CLANG_WARN_ENUM_CONVERSION = YES;
				CLANG_WARN_INT_CONVERSION = YES;
				CLANG_WARN_OBJC_ROOT_CLASS = YES_ERROR;
				CLANG_WARN__DUPLICATE_METHOD_MATCH = YES;
				COPY_PHASE_STRIP = NO;
				GCC_C_LANGUAGE_STANDARD = gnu99;
				GCC_DYNAMIC_NO_PIC = NO;
				GCC_ENABLE_OBJC_EXCEPTIONS = YES;
				GCC_OPTIMIZATION_LEVEL = 0;
				GCC_PREPROCESSOR_DEFINITIONS = (
					"DEBUG=1",
					"$(inherited)",
				);
				GCC_SYMBOLS_PRIVATE_EXTERN = NO;
				GCC_WARN_64_TO_32_BIT_CONVERSION = YES;
				GCC_WARN_ABOUT_RETURN_TYPE = YES_ERROR;
				GCC_WARN_UNDECLARED_SELECTOR = YES;
				GCC_WARN_UNINITIALIZED_AUTOS = YES;
				GCC_WARN_UNUSED_FUNCTION = YES;
				GCC_WARN_UNUSED_VARIABLE = YES;
				MACOSX_DEPLOYMENT_TARGET = 10.8;
				ONLY_ACTIVE_ARCH = YES;
				SDKROOT = macosx;
			};
			name = Debug;
		};
		546857C11932FC4600D323E8 /* Release */ = {
			isa = XCBuildConfiguration;
			buildSettings = {
				ALWAYS_SEARCH_USER_PATHS = NO;
				CLANG_CXX_LANGUAGE_STANDARD = "gnu++0x";
				CLANG_CXX_LIBRARY = "libc++";
				CLANG_ENABLE_OBJC_ARC = YES;
				CLANG_WARN_BOOL_CONVERSION = YES;
				CLANG_WARN_CONSTANT_CONVERSION = YES;
				CLANG_WARN_DIRECT_OBJC_ISA_USAGE = YES_ERROR;
				CLANG_WARN_EMPTY_BODY = YES;
				CLANG_WARN_ENUM_CONVERSION = YES;
				CLANG_WARN_INT_CONVERSION = YES;
				CLANG_WARN_OBJC_ROOT_CLASS = YES_ERROR;
				CLANG_WARN__DUPLICATE_METHOD_MATCH = YES;
				COPY_PHASE_STRIP = YES;
				DEBUG_INFORMATION_FORMAT = "dwarf-with-dsym";
				ENABLE_NS_ASSERTIONS = NO;
				GCC_C_LANGUAGE_STANDARD = gnu99;
				GCC_ENABLE_OBJC_EXCEPTIONS = YES;
				GCC_WARN_64_TO_32_BIT_CONVERSION = YES;
				GCC_WARN_ABOUT_RETURN_TYPE = YES_ERROR;
				GCC_WARN_UNDECLARED_SELECTOR = YES;
				GCC_WARN_UNINITIALIZED_AUTOS = YES;
				GCC_WARN_UNUSED_FUNCTION = YES;
				GCC_WARN_UNUSED_VARIABLE = YES;
				MACOSX_DEPLOYMENT_TARGET = 10.8;
				SDKROOT = macosx;
			};
			name = Release;
		};
		546857C31932FC4600D323E8 /* Debug */ = {
			isa = XCBuildConfiguration;
			buildSettings = {
				COMBINE_HIDPI_IMAGES = YES;
				GCC_PRECOMPILE_PREFIX_HEADER = YES;
				GCC_PREFIX_HEADER = "Gifocalypse/Gifocalypse-Prefix.pch";
				INFOPLIST_FILE = "Gifocalypse/Gifocalypse-Info.plist";
				INSTALL_PATH = "$(HOME)/Library/Screen Savers";
				PRODUCT_NAME = "$(TARGET_NAME)";
				WRAPPER_EXTENSION = saver;
			};
			name = Debug;
		};
		546857C41932FC4600D323E8 /* Release */ = {
			isa = XCBuildConfiguration;
			buildSettings = {
				COMBINE_HIDPI_IMAGES = YES;
				GCC_PRECOMPILE_PREFIX_HEADER = YES;
				GCC_PREFIX_HEADER = "Gifocalypse/Gifocalypse-Prefix.pch";
				INFOPLIST_FILE = "Gifocalypse/Gifocalypse-Info.plist";
				INSTALL_PATH = "$(HOME)/Library/Screen Savers";
				PRODUCT_NAME = "$(TARGET_NAME)";
				WRAPPER_EXTENSION = saver;
			};
			name = Release;
		};
/* End XCBuildConfiguration section */

/* Begin XCConfigurationList section */
		546857A41932FC4600D323E8 /* Build configuration list for PBXProject "Gifocalypse" */ = {
			isa = XCConfigurationList;
			buildConfigurations = (
				546857C01932FC4600D323E8 /* Debug */,
				546857C11932FC4600D323E8 /* Release */,
			);
			defaultConfigurationIsVisible = 0;
			defaultConfigurationName = Release;
		};
		546857C21932FC4600D323E8 /* Build configuration list for PBXNativeTarget "Gifocalypse" */ = {
			isa = XCConfigurationList;
			buildConfigurations = (
				546857C31932FC4600D323E8 /* Debug */,
				546857C41932FC4600D323E8 /* Release */,
			);
			defaultConfigurationIsVisible = 0;
			defaultConfigurationName = Release;
		};
/* End XCConfigurationList section */
	};
	rootObject = 546857A11932FC4600D323E8 /* Project object */;
}
