// !$*UTF8*$!
{
	archiveVersion = 1;
	classes = {
	};
	objectVersion = 46;
	objects = {

/* Begin PBXBuildFile section */
		54BF86B9192C26CF007770F1 /* Cocoa.framework in Frameworks */ = {isa = PBXBuildFile; fileRef = 54BF86B8192C26CF007770F1 /* Cocoa.framework */; };
		54BF86BB192C26CF007770F1 /* ScreenSaver.framework in Frameworks */ = {isa = PBXBuildFile; fileRef = 54BF86BA192C26CF007770F1 /* ScreenSaver.framework */; };
		54BF86C5192C26CF007770F1 /* InfoPlist.strings in Resources */ = {isa = PBXBuildFile; fileRef = 54BF86C3192C26CF007770F1 /* InfoPlist.strings */; };
		54BF86C9192C26CF007770F1 /* cat_gif_saverView.m in Sources */ = {isa = PBXBuildFile; fileRef = 54BF86C8192C26CF007770F1 /* cat_gif_saverView.m */; };
/* End PBXBuildFile section */

/* Begin PBXFileReference section */
		54BF86B5192C26CF007770F1 /* cat-gif-saver.saver */ = {isa = PBXFileReference; explicitFileType = wrapper.cfbundle; includeInIndex = 0; path = "cat-gif-saver.saver"; sourceTree = BUILT_PRODUCTS_DIR; };
		54BF86B8192C26CF007770F1 /* Cocoa.framework */ = {isa = PBXFileReference; lastKnownFileType = wrapper.framework; name = Cocoa.framework; path = System/Library/Frameworks/Cocoa.framework; sourceTree = SDKROOT; };
		54BF86BA192C26CF007770F1 /* ScreenSaver.framework */ = {isa = PBXFileReference; lastKnownFileType = wrapper.framework; name = ScreenSaver.framework; path = System/Library/Frameworks/ScreenSaver.framework; sourceTree = SDKROOT; };
		54BF86BD192C26CF007770F1 /* AppKit.framework */ = {isa = PBXFileReference; lastKnownFileType = wrapper.framework; name = AppKit.framework; path = System/Library/Frameworks/AppKit.framework; sourceTree = SDKROOT; };
		54BF86BE192C26CF007770F1 /* CoreData.framework */ = {isa = PBXFileReference; lastKnownFileType = wrapper.framework; name = CoreData.framework; path = System/Library/Frameworks/CoreData.framework; sourceTree = SDKROOT; };
		54BF86BF192C26CF007770F1 /* Foundation.framework */ = {isa = PBXFileReference; lastKnownFileType = wrapper.framework; name = Foundation.framework; path = System/Library/Frameworks/Foundation.framework; sourceTree = SDKROOT; };
		54BF86C2192C26CF007770F1 /* cat-gif-saver-Info.plist */ = {isa = PBXFileReference; lastKnownFileType = text.plist.xml; path = "cat-gif-saver-Info.plist"; sourceTree = "<group>"; };
		54BF86C4192C26CF007770F1 /* en */ = {isa = PBXFileReference; lastKnownFileType = text.plist.strings; name = en; path = en.lproj/InfoPlist.strings; sourceTree = "<group>"; };
		54BF86C6192C26CF007770F1 /* cat-gif-saver-Prefix.pch */ = {isa = PBXFileReference; lastKnownFileType = sourcecode.c.h; path = "cat-gif-saver-Prefix.pch"; sourceTree = "<group>"; };
		54BF86C7192C26CF007770F1 /* cat_gif_saverView.h */ = {isa = PBXFileReference; lastKnownFileType = sourcecode.c.h; path = cat_gif_saverView.h; sourceTree = "<group>"; };
		54BF86C8192C26CF007770F1 /* cat_gif_saverView.m */ = {isa = PBXFileReference; lastKnownFileType = sourcecode.c.objc; path = cat_gif_saverView.m; sourceTree = "<group>"; };
/* End PBXFileReference section */

/* Begin PBXFrameworksBuildPhase section */
		54BF86B0192C26CE007770F1 /* Frameworks */ = {
			isa = PBXFrameworksBuildPhase;
			buildActionMask = 2147483647;
			files = (
				54BF86BB192C26CF007770F1 /* ScreenSaver.framework in Frameworks */,
				54BF86B9192C26CF007770F1 /* Cocoa.framework in Frameworks */,
			);
			runOnlyForDeploymentPostprocessing = 0;
		};
/* End PBXFrameworksBuildPhase section */

/* Begin PBXGroup section */
		54BF86AA192C26CE007770F1 = {
			isa = PBXGroup;
			children = (
				54BF86C0192C26CF007770F1 /* cat-gif-saver */,
				54BF86B7192C26CF007770F1 /* Frameworks */,
				54BF86B6192C26CF007770F1 /* Products */,
			);
			sourceTree = "<group>";
		};
		54BF86B6192C26CF007770F1 /* Products */ = {
			isa = PBXGroup;
			children = (
				54BF86B5192C26CF007770F1 /* cat-gif-saver.saver */,
			);
			name = Products;
			sourceTree = "<group>";
		};
		54BF86B7192C26CF007770F1 /* Frameworks */ = {
			isa = PBXGroup;
			children = (
				54BF86B8192C26CF007770F1 /* Cocoa.framework */,
				54BF86BA192C26CF007770F1 /* ScreenSaver.framework */,
				54BF86BC192C26CF007770F1 /* Other Frameworks */,
			);
			name = Frameworks;
			sourceTree = "<group>";
		};
		54BF86BC192C26CF007770F1 /* Other Frameworks */ = {
			isa = PBXGroup;
			children = (
				54BF86BD192C26CF007770F1 /* AppKit.framework */,
				54BF86BE192C26CF007770F1 /* CoreData.framework */,
				54BF86BF192C26CF007770F1 /* Foundation.framework */,
			);
			name = "Other Frameworks";
			sourceTree = "<group>";
		};
		54BF86C0192C26CF007770F1 /* cat-gif-saver */ = {
			isa = PBXGroup;
			children = (
				54BF86C7192C26CF007770F1 /* cat_gif_saverView.h */,
				54BF86C8192C26CF007770F1 /* cat_gif_saverView.m */,
				54BF86C1192C26CF007770F1 /* Supporting Files */,
			);
			path = "cat-gif-saver";
			sourceTree = "<group>";
		};
		54BF86C1192C26CF007770F1 /* Supporting Files */ = {
			isa = PBXGroup;
			children = (
				54BF86C2192C26CF007770F1 /* cat-gif-saver-Info.plist */,
				54BF86C3192C26CF007770F1 /* InfoPlist.strings */,
				54BF86C6192C26CF007770F1 /* cat-gif-saver-Prefix.pch */,
			);
			name = "Supporting Files";
			sourceTree = "<group>";
		};
/* End PBXGroup section */

/* Begin PBXHeadersBuildPhase section */
		54BF86B1192C26CE007770F1 /* Headers */ = {
			isa = PBXHeadersBuildPhase;
			buildActionMask = 2147483647;
			files = (
			);
			runOnlyForDeploymentPostprocessing = 0;
		};
/* End PBXHeadersBuildPhase section */

/* Begin PBXNativeTarget section */
		54BF86B4192C26CE007770F1 /* cat-gif-saver */ = {
			isa = PBXNativeTarget;
			buildConfigurationList = 54BF86CC192C26CF007770F1 /* Build configuration list for PBXNativeTarget "cat-gif-saver" */;
			buildPhases = (
				54BF86AF192C26CE007770F1 /* Sources */,
				54BF86B0192C26CE007770F1 /* Frameworks */,
				54BF86B1192C26CE007770F1 /* Headers */,
				54BF86B2192C26CE007770F1 /* Resources */,
				54BF86B3192C26CE007770F1 /* Rez */,
			);
			buildRules = (
			);
			dependencies = (
			);
			name = "cat-gif-saver";
			productName = "cat-gif-saver";
			productReference = 54BF86B5192C26CF007770F1 /* cat-gif-saver.saver */;
			productType = "com.apple.product-type.bundle";
		};
/* End PBXNativeTarget section */

/* Begin PBXProject section */
		54BF86AB192C26CE007770F1 /* Project object */ = {
			isa = PBXProject;
			attributes = {
				LastUpgradeCheck = 0500;
				ORGANIZATIONNAME = "George Crabtree";
			};
			buildConfigurationList = 54BF86AE192C26CE007770F1 /* Build configuration list for PBXProject "cat-gif-saver" */;
			compatibilityVersion = "Xcode 3.2";
			developmentRegion = English;
			hasScannedForEncodings = 0;
			knownRegions = (
				en,
			);
			mainGroup = 54BF86AA192C26CE007770F1;
			productRefGroup = 54BF86B6192C26CF007770F1 /* Products */;
			projectDirPath = "";
			projectRoot = "";
			targets = (
				54BF86B4192C26CE007770F1 /* cat-gif-saver */,
			);
		};
/* End PBXProject section */

/* Begin PBXResourcesBuildPhase section */
		54BF86B2192C26CE007770F1 /* Resources */ = {
			isa = PBXResourcesBuildPhase;
			buildActionMask = 2147483647;
			files = (
				54BF86C5192C26CF007770F1 /* InfoPlist.strings in Resources */,
			);
			runOnlyForDeploymentPostprocessing = 0;
		};
/* End PBXResourcesBuildPhase section */

/* Begin PBXRezBuildPhase section */
		54BF86B3192C26CE007770F1 /* Rez */ = {
			isa = PBXRezBuildPhase;
			buildActionMask = 2147483647;
			files = (
			);
			runOnlyForDeploymentPostprocessing = 0;
		};
/* End PBXRezBuildPhase section */

/* Begin PBXSourcesBuildPhase section */
		54BF86AF192C26CE007770F1 /* Sources */ = {
			isa = PBXSourcesBuildPhase;
			buildActionMask = 2147483647;
			files = (
				54BF86C9192C26CF007770F1 /* cat_gif_saverView.m in Sources */,
			);
			runOnlyForDeploymentPostprocessing = 0;
		};
/* End PBXSourcesBuildPhase section */

/* Begin PBXVariantGroup section */
		54BF86C3192C26CF007770F1 /* InfoPlist.strings */ = {
			isa = PBXVariantGroup;
			children = (
				54BF86C4192C26CF007770F1 /* en */,
			);
			name = InfoPlist.strings;
			sourceTree = "<group>";
		};
/* End PBXVariantGroup section */

/* Begin XCBuildConfiguration section */
		54BF86CA192C26CF007770F1 /* Debug */ = {
			isa = XCBuildConfiguration;
			buildSettings = {
				ALWAYS_SEARCH_USER_PATHS = NO;
				CLANG_CXX_LANGUAGE_STANDARD = "gnu++0x";
				CLANG_CXX_LIBRARY = "libc++";
				CLANG_ENABLE_OBJC_ARC = YES;
				CLANG_WARN_BOOL_CONVERSION = YES;
				CLANG_WARN_CONSTANT_CONVERSION = YES;
				CLANG_WARN_DIRECT_OBJC_ISA_USAGE = YES_ERROR;
				CLANG_WARN_EMPTY_BODY = YES;
				CLANG_WARN_ENUM_CONVERSION = YES;
				CLANG_WARN_INT_CONVERSION = YES;
				CLANG_WARN_OBJC_ROOT_CLASS = YES_ERROR;
				CLANG_WARN__DUPLICATE_METHOD_MATCH = YES;
				COPY_PHASE_STRIP = NO;
				GCC_C_LANGUAGE_STANDARD = gnu99;
				GCC_DYNAMIC_NO_PIC = NO;
				GCC_ENABLE_OBJC_EXCEPTIONS = YES;
				GCC_OPTIMIZATION_LEVEL = 0;
				GCC_PREPROCESSOR_DEFINITIONS = (
					"DEBUG=1",
					"$(inherited)",
				);
				GCC_SYMBOLS_PRIVATE_EXTERN = NO;
				GCC_WARN_64_TO_32_BIT_CONVERSION = YES;
				GCC_WARN_ABOUT_RETURN_TYPE = YES_ERROR;
				GCC_WARN_UNDECLARED_SELECTOR = YES;
				GCC_WARN_UNINITIALIZED_AUTOS = YES;
				GCC_WARN_UNUSED_FUNCTION = YES;
				GCC_WARN_UNUSED_VARIABLE = YES;
				MACOSX_DEPLOYMENT_TARGET = 10.8;
				ONLY_ACTIVE_ARCH = YES;
				SDKROOT = macosx;
			};
			name = Debug;
		};
		54BF86CB192C26CF007770F1 /* Release */ = {
			isa = XCBuildConfiguration;
			buildSettings = {
				ALWAYS_SEARCH_USER_PATHS = NO;
				CLANG_CXX_LANGUAGE_STANDARD = "gnu++0x";
				CLANG_CXX_LIBRARY = "libc++";
				CLANG_ENABLE_OBJC_ARC = YES;
				CLANG_WARN_BOOL_CONVERSION = YES;
				CLANG_WARN_CONSTANT_CONVERSION = YES;
				CLANG_WARN_DIRECT_OBJC_ISA_USAGE = YES_ERROR;
				CLANG_WARN_EMPTY_BODY = YES;
				CLANG_WARN_ENUM_CONVERSION = YES;
				CLANG_WARN_INT_CONVERSION = YES;
				CLANG_WARN_OBJC_ROOT_CLASS = YES_ERROR;
				CLANG_WARN__DUPLICATE_METHOD_MATCH = YES;
				COPY_PHASE_STRIP = YES;
				DEBUG_INFORMATION_FORMAT = "dwarf-with-dsym";
				ENABLE_NS_ASSERTIONS = NO;
				GCC_C_LANGUAGE_STANDARD = gnu99;
				GCC_ENABLE_OBJC_EXCEPTIONS = YES;
				GCC_WARN_64_TO_32_BIT_CONVERSION = YES;
				GCC_WARN_ABOUT_RETURN_TYPE = YES_ERROR;
				GCC_WARN_UNDECLARED_SELECTOR = YES;
				GCC_WARN_UNINITIALIZED_AUTOS = YES;
				GCC_WARN_UNUSED_FUNCTION = YES;
				GCC_WARN_UNUSED_VARIABLE = YES;
				MACOSX_DEPLOYMENT_TARGET = 10.8;
				SDKROOT = macosx;
			};
			name = Release;
		};
		54BF86CD192C26CF007770F1 /* Debug */ = {
			isa = XCBuildConfiguration;
			buildSettings = {
				COMBINE_HIDPI_IMAGES = YES;
				GCC_PRECOMPILE_PREFIX_HEADER = YES;
				GCC_PREFIX_HEADER = "cat-gif-saver/cat-gif-saver-Prefix.pch";
				INFOPLIST_FILE = "cat-gif-saver/cat-gif-saver-Info.plist";
				INSTALL_PATH = "$(HOME)/Library/Screen Savers";
				PRODUCT_NAME = "$(TARGET_NAME)";
				WRAPPER_EXTENSION = saver;
			};
			name = Debug;
		};
		54BF86CE192C26CF007770F1 /* Release */ = {
			isa = XCBuildConfiguration;
			buildSettings = {
				COMBINE_HIDPI_IMAGES = YES;
				GCC_PRECOMPILE_PREFIX_HEADER = YES;
				GCC_PREFIX_HEADER = "cat-gif-saver/cat-gif-saver-Prefix.pch";
				INFOPLIST_FILE = "cat-gif-saver/cat-gif-saver-Info.plist";
				INSTALL_PATH = "$(HOME)/Library/Screen Savers";
				PRODUCT_NAME = "$(TARGET_NAME)";
				WRAPPER_EXTENSION = saver;
			};
			name = Release;
		};
/* End XCBuildConfiguration section */

/* Begin XCConfigurationList section */
		54BF86AE192C26CE007770F1 /* Build configuration list for PBXProject "cat-gif-saver" */ = {
			isa = XCConfigurationList;
			buildConfigurations = (
				54BF86CA192C26CF007770F1 /* Debug */,
				54BF86CB192C26CF007770F1 /* Release */,
			);
			defaultConfigurationIsVisible = 0;
			defaultConfigurationName = Release;
		};
		54BF86CC192C26CF007770F1 /* Build configuration list for PBXNativeTarget "cat-gif-saver" */ = {
			isa = XCConfigurationList;
			buildConfigurations = (
				54BF86CD192C26CF007770F1 /* Debug */,
				54BF86CE192C26CF007770F1 /* Release */,
			);
			defaultConfigurationIsVisible = 0;
		};
/* End XCConfigurationList section */
	};
	rootObject = 54BF86AB192C26CE007770F1 /* Project object */;
}
